// !$*UTF8*$!
{
	archiveVersion = 1;
	classes = {
	};
	objectVersion = 50;
	objects = {

/* Begin PBXBuildFile section */
		A3C73F5C22B768B800EE4240 /* AppDelegate.swift in Sources */ = {isa = PBXBuildFile; fileRef = A3C73F5B22B768B800EE4240 /* AppDelegate.swift */; };
		A3C73F5E22B768B800EE4240 /* MainViewController.swift in Sources */ = {isa = PBXBuildFile; fileRef = A3C73F5D22B768B800EE4240 /* MainViewController.swift */; };
		A3C73F6122B768B800EE4240 /* Main.storyboard in Resources */ = {isa = PBXBuildFile; fileRef = A3C73F5F22B768B800EE4240 /* Main.storyboard */; };
		A3C73F6422B768B800EE4240 /* CoreDataSample.xcdatamodeld in Sources */ = {isa = PBXBuildFile; fileRef = A3C73F6222B768B800EE4240 /* CoreDataSample.xcdatamodeld */; };
		A3C73F6622B768B900EE4240 /* Assets.xcassets in Resources */ = {isa = PBXBuildFile; fileRef = A3C73F6522B768B900EE4240 /* Assets.xcassets */; };
		A3C73F6922B768B900EE4240 /* LaunchScreen.storyboard in Resources */ = {isa = PBXBuildFile; fileRef = A3C73F6722B768B900EE4240 /* LaunchScreen.storyboard */; };
		A3C73F9222B794A900EE4240 /* CoreDataService.swift in Sources */ = {isa = PBXBuildFile; fileRef = A3C73F9122B794A900EE4240 /* CoreDataService.swift */; };
		A3C73F9422B797DD00EE4240 /* TableViewCell.swift in Sources */ = {isa = PBXBuildFile; fileRef = A3C73F9322B797DD00EE4240 /* TableViewCell.swift */; };
		ED46CD4C3239F1EC287B9C4C /* Pods_CoreDataSample.framework in Frameworks */ = {isa = PBXBuildFile; fileRef = 28835ACE158102F390DA3A6A /* Pods_CoreDataSample.framework */; };
/* End PBXBuildFile section */

/* Begin PBXFileReference section */
		28530111B7205DCB89AB0660 /* Pods-CoreDataSample.release.xcconfig */ = {isa = PBXFileReference; includeInIndex = 1; lastKnownFileType = text.xcconfig; name = "Pods-CoreDataSample.release.xcconfig"; path = "Target Support Files/Pods-CoreDataSample/Pods-CoreDataSample.release.xcconfig"; sourceTree = "<group>"; };
		28835ACE158102F390DA3A6A /* Pods_CoreDataSample.framework */ = {isa = PBXFileReference; explicitFileType = wrapper.framework; includeInIndex = 0; path = Pods_CoreDataSample.framework; sourceTree = BUILT_PRODUCTS_DIR; };
		A3C73F5822B768B800EE4240 /* CoreDataSample.app */ = {isa = PBXFileReference; explicitFileType = wrapper.application; includeInIndex = 0; path = CoreDataSample.app; sourceTree = BUILT_PRODUCTS_DIR; };
		A3C73F5B22B768B800EE4240 /* AppDelegate.swift */ = {isa = PBXFileReference; lastKnownFileType = sourcecode.swift; path = AppDelegate.swift; sourceTree = "<group>"; };
		A3C73F5D22B768B800EE4240 /* MainViewController.swift */ = {isa = PBXFileReference; lastKnownFileType = sourcecode.swift; path = MainViewController.swift; sourceTree = "<group>"; };
		A3C73F6022B768B800EE4240 /* Base */ = {isa = PBXFileReference; lastKnownFileType = file.storyboard; name = Base; path = Base.lproj/Main.storyboard; sourceTree = "<group>"; };
		A3C73F6322B768B800EE4240 /* CoreDataSample.xcdatamodel */ = {isa = PBXFileReference; lastKnownFileType = wrapper.xcdatamodel; path = CoreDataSample.xcdatamodel; sourceTree = "<group>"; };
		A3C73F6522B768B900EE4240 /* Assets.xcassets */ = {isa = PBXFileReference; lastKnownFileType = folder.assetcatalog; path = Assets.xcassets; sourceTree = "<group>"; };
		A3C73F6822B768B900EE4240 /* Base */ = {isa = PBXFileReference; lastKnownFileType = file.storyboard; name = Base; path = Base.lproj/LaunchScreen.storyboard; sourceTree = "<group>"; };
		A3C73F6A22B768B900EE4240 /* Info.plist */ = {isa = PBXFileReference; lastKnownFileType = text.plist.xml; path = Info.plist; sourceTree = "<group>"; };
		A3C73F9122B794A900EE4240 /* CoreDataService.swift */ = {isa = PBXFileReference; lastKnownFileType = sourcecode.swift; path = CoreDataService.swift; sourceTree = "<group>"; };
		A3C73F9322B797DD00EE4240 /* TableViewCell.swift */ = {isa = PBXFileReference; lastKnownFileType = sourcecode.swift; path = TableViewCell.swift; sourceTree = "<group>"; };
		ECFC6AB1F27F8FBBCE8AC2E6 /* Pods-CoreDataSample.debug.xcconfig */ = {isa = PBXFileReference; includeInIndex = 1; lastKnownFileType = text.xcconfig; name = "Pods-CoreDataSample.debug.xcconfig"; path = "Target Support Files/Pods-CoreDataSample/Pods-CoreDataSample.debug.xcconfig"; sourceTree = "<group>"; };
/* End PBXFileReference section */

/* Begin PBXFrameworksBuildPhase section */
		A3C73F5522B768B800EE4240 /* Frameworks */ = {
			isa = PBXFrameworksBuildPhase;
			buildActionMask = 2147483647;
			files = (
				ED46CD4C3239F1EC287B9C4C /* Pods_CoreDataSample.framework in Frameworks */,
			);
			runOnlyForDeploymentPostprocessing = 0;
		};
/* End PBXFrameworksBuildPhase section */

/* Begin PBXGroup section */
		41CBFC9574ED04137CC76A4C /* Pods */ = {
			isa = PBXGroup;
			children = (
				ECFC6AB1F27F8FBBCE8AC2E6 /* Pods-CoreDataSample.debug.xcconfig */,
				28530111B7205DCB89AB0660 /* Pods-CoreDataSample.release.xcconfig */,
			);
			path = Pods;
			sourceTree = "<group>";
		};
		60C229BA952B60B79F481D10 /* Frameworks */ = {
			isa = PBXGroup;
			children = (
				28835ACE158102F390DA3A6A /* Pods_CoreDataSample.framework */,
			);
			name = Frameworks;
			sourceTree = "<group>";
		};
		A3C73F4F22B768B800EE4240 = {
			isa = PBXGroup;
			children = (
				A3C73F5A22B768B800EE4240 /* CoreDataSample */,
				A3C73F5922B768B800EE4240 /* Products */,
				41CBFC9574ED04137CC76A4C /* Pods */,
				60C229BA952B60B79F481D10 /* Frameworks */,
			);
			sourceTree = "<group>";
		};
		A3C73F5922B768B800EE4240 /* Products */ = {
			isa = PBXGroup;
			children = (
				A3C73F5822B768B800EE4240 /* CoreDataSample.app */,
			);
			name = Products;
			sourceTree = "<group>";
		};
		A3C73F5A22B768B800EE4240 /* CoreDataSample */ = {
			isa = PBXGroup;
			children = (
				A3C73F5B22B768B800EE4240 /* AppDelegate.swift */,
				A3C73F9122B794A900EE4240 /* CoreDataService.swift */,
				A3C73F5D22B768B800EE4240 /* MainViewController.swift */,
				A3C73F9322B797DD00EE4240 /* TableViewCell.swift */,
				A3C73F5F22B768B800EE4240 /* Main.storyboard */,
				A3C73F6522B768B900EE4240 /* Assets.xcassets */,
				A3C73F6722B768B900EE4240 /* LaunchScreen.storyboard */,
				A3C73F6A22B768B900EE4240 /* Info.plist */,
				A3C73F6222B768B800EE4240 /* CoreDataSample.xcdatamodeld */,
			);
			path = CoreDataSample;
			sourceTree = "<group>";
		};
/* End PBXGroup section */

/* Begin PBXNativeTarget section */
		A3C73F5722B768B800EE4240 /* CoreDataSample */ = {
			isa = PBXNativeTarget;
			buildConfigurationList = A3C73F6D22B768B900EE4240 /* Build configuration list for PBXNativeTarget "CoreDataSample" */;
			buildPhases = (
				84F38B55484B03F713163719 /* [CP] Check Pods Manifest.lock */,
				A3C73F5422B768B800EE4240 /* Sources */,
				A3C73F5522B768B800EE4240 /* Frameworks */,
				A3C73F5622B768B800EE4240 /* Resources */,
				8060BAEAABEAE082D088D38F /* [CP] Embed Pods Frameworks */,
			);
			buildRules = (
			);
			dependencies = (
			);
			name = CoreDataSample;
			productName = CoreDataSample;
			productReference = A3C73F5822B768B800EE4240 /* CoreDataSample.app */;
			productType = "com.apple.product-type.application";
		};
/* End PBXNativeTarget section */

/* Begin PBXProject section */
		A3C73F5022B768B800EE4240 /* Project object */ = {
			isa = PBXProject;
			attributes = {
				LastSwiftUpdateCheck = 1020;
				LastUpgradeCheck = 1020;
				ORGANIZATIONNAME = hexcon;
				TargetAttributes = {
					A3C73F5722B768B800EE4240 = {
						CreatedOnToolsVersion = 10.2.1;
					};
				};
			};
			buildConfigurationList = A3C73F5322B768B800EE4240 /* Build configuration list for PBXProject "CoreDataSample" */;
			compatibilityVersion = "Xcode 9.3";
			developmentRegion = en;
			hasScannedForEncodings = 0;
			knownRegions = (
				en,
				Base,
			);
			mainGroup = A3C73F4F22B768B800EE4240;
			productRefGroup = A3C73F5922B768B800EE4240 /* Products */;
			projectDirPath = "";
			projectRoot = "";
			targets = (
				A3C73F5722B768B800EE4240 /* CoreDataSample */,
			);
		};
/* End PBXProject section */

/* Begin PBXResourcesBuildPhase section */
		A3C73F5622B768B800EE4240 /* Resources */ = {
			isa = PBXResourcesBuildPhase;
			buildActionMask = 2147483647;
			files = (
				A3C73F6922B768B900EE4240 /* LaunchScreen.storyboard in Resources */,
				A3C73F6622B768B900EE4240 /* Assets.xcassets in Resources */,
				A3C73F6122B768B800EE4240 /* Main.storyboard in Resources */,
			);
			runOnlyForDeploymentPostprocessing = 0;
		};
/* End PBXResourcesBuildPhase section */

/* Begin PBXShellScriptBuildPhase section */
		8060BAEAABEAE082D088D38F /* [CP] Embed Pods Frameworks */ = {
			isa = PBXShellScriptBuildPhase;
			buildActionMask = 2147483647;
			files = (
			);
			inputFileListPaths = (
			);
			inputPaths = (
				"${PODS_ROOT}/Target Support Files/Pods-CoreDataSample/Pods-CoreDataSample-frameworks.sh",
				"${BUILT_PRODUCTS_DIR}/SnapKit/SnapKit.framework",
			);
			name = "[CP] Embed Pods Frameworks";
			outputFileListPaths = (
			);
			outputPaths = (
				"${TARGET_BUILD_DIR}/${FRAMEWORKS_FOLDER_PATH}/SnapKit.framework",
			);
			runOnlyForDeploymentPostprocessing = 0;
			shellPath = /bin/sh;
			shellScript = "\"${PODS_ROOT}/Target Support Files/Pods-CoreDataSample/Pods-CoreDataSample-frameworks.sh\"\n";
			showEnvVarsInLog = 0;
		};
		84F38B55484B03F713163719 /* [CP] Check Pods Manifest.lock */ = {
			isa = PBXShellScriptBuildPhase;
			buildActionMask = 2147483647;
			files = (
			);
			inputFileListPaths = (
			);
			inputPaths = (
				"${PODS_PODFILE_DIR_PATH}/Podfile.lock",
				"${PODS_ROOT}/Manifest.lock",
			);
			name = "[CP] Check Pods Manifest.lock";
			outputFileListPaths = (
			);
			outputPaths = (
				"$(DERIVED_FILE_DIR)/Pods-CoreDataSample-checkManifestLockResult.txt",
			);
			runOnlyForDeploymentPostprocessing = 0;
			shellPath = /bin/sh;
			shellScript = "diff \"${PODS_PODFILE_DIR_PATH}/Podfile.lock\" \"${PODS_ROOT}/Manifest.lock\" > /dev/null\nif [ $? != 0 ] ; then\n    # print error to STDERR\n    echo \"error: The sandbox is not in sync with the Podfile.lock. Run 'pod install' or update your CocoaPods installation.\" >&2\n    exit 1\nfi\n# This output is used by Xcode 'outputs' to avoid re-running this script phase.\necho \"SUCCESS\" > \"${SCRIPT_OUTPUT_FILE_0}\"\n";
			showEnvVarsInLog = 0;
		};
/* End PBXShellScriptBuildPhase section */

/* Begin PBXSourcesBuildPhase section */
		A3C73F5422B768B800EE4240 /* Sources */ = {
			isa = PBXSourcesBuildPhase;
			buildActionMask = 2147483647;
			files = (
				A3C73F9422B797DD00EE4240 /* TableViewCell.swift in Sources */,
				A3C73F9222B794A900EE4240 /* CoreDataService.swift in Sources */,
				A3C73F5E22B768B800EE4240 /* MainViewController.swift in Sources */,
				A3C73F6422B768B800EE4240 /* CoreDataSample.xcdatamodeld in Sources */,
				A3C73F5C22B768B800EE4240 /* AppDelegate.swift in Sources */,
			);
			runOnlyForDeploymentPostprocessing = 0;
		};
/* End PBXSourcesBuildPhase section */

/* Begin PBXVariantGroup section */
		A3C73F5F22B768B800EE4240 /* Main.storyboard */ = {
			isa = PBXVariantGroup;
			children = (
				A3C73F6022B768B800EE4240 /* Base */,
			);
			name = Main.storyboard;
			sourceTree = "<group>";
		};
		A3C73F6722B768B900EE4240 /* LaunchScreen.storyboard */ = {
			isa = PBXVariantGroup;
			children = (
				A3C73F6822B768B900EE4240 /* Base */,
			);
			name = LaunchScreen.storyboard;
			sourceTree = "<group>";
		};
/* End PBXVariantGroup section */

/* Begin XCBuildConfiguration section */
		A3C73F6B22B768B900EE4240 /* Debug */ = {
			isa = XCBuildConfiguration;
			buildSettings = {
				ALWAYS_SEARCH_USER_PATHS = NO;
				CLANG_ANALYZER_NONNULL = YES;
				CLANG_ANALYZER_NUMBER_OBJECT_CONVERSION = YES_AGGRESSIVE;
				CLANG_CXX_LANGUAGE_STANDARD = "gnu++14";
				CLANG_CXX_LIBRARY = "libc++";
				CLANG_ENABLE_MODULES = YES;
				CLANG_ENABLE_OBJC_ARC = YES;
				CLANG_ENABLE_OBJC_WEAK = YES;
				CLANG_WARN_BLOCK_CAPTURE_AUTORELEASING = YES;
				CLANG_WARN_BOOL_CONVERSION = YES;
				CLANG_WARN_COMMA = YES;
				CLANG_WARN_CONSTANT_CONVERSION = YES;
				CLANG_WARN_DEPRECATED_OBJC_IMPLEMENTATIONS = YES;
				CLANG_WARN_DIRECT_OBJC_ISA_USAGE = YES_ERROR;
				CLANG_WARN_DOCUMENTATION_COMMENTS = YES;
				CLANG_WARN_EMPTY_BODY = YES;
				CLANG_WARN_ENUM_CONVERSION = YES;
				CLANG_WARN_INFINITE_RECURSION = YES;
				CLANG_WARN_INT_CONVERSION = YES;
				CLANG_WARN_NON_LITERAL_NULL_CONVERSION = YES;
				CLANG_WARN_OBJC_IMPLICIT_RETAIN_SELF = YES;
				CLANG_WARN_OBJC_LITERAL_CONVERSION = YES;
				CLANG_WARN_OBJC_ROOT_CLASS = YES_ERROR;
				CLANG_WARN_RANGE_LOOP_ANALYSIS = YES;
				CLANG_WARN_STRICT_PROTOTYPES = YES;
				CLANG_WARN_SUSPICIOUS_MOVE = YES;
				CLANG_WARN_UNGUARDED_AVAILABILITY = YES_AGGRESSIVE;
				CLANG_WARN_UNREACHABLE_CODE = YES;
				CLANG_WARN__DUPLICATE_METHOD_MATCH = YES;
				CODE_SIGN_IDENTITY = "iPhone Developer";
				COPY_PHASE_STRIP = NO;
				DEBUG_INFORMATION_FORMAT = dwarf;
				ENABLE_STRICT_OBJC_MSGSEND = YES;
				ENABLE_TESTABILITY = YES;
				GCC_C_LANGUAGE_STANDARD = gnu11;
				GCC_DYNAMIC_NO_PIC = NO;
				GCC_NO_COMMON_BLOCKS = YES;
				GCC_OPTIMIZATION_LEVEL = 0;
				GCC_PREPROCESSOR_DEFINITIONS = (
					"DEBUG=1",
					"$(inherited)",
				);
				GCC_WARN_64_TO_32_BIT_CONVERSION = YES;
				GCC_WARN_ABOUT_RETURN_TYPE = YES_ERROR;
				GCC_WARN_UNDECLARED_SELECTOR = YES;
				GCC_WARN_UNINITIALIZED_AUTOS = YES_AGGRESSIVE;
				GCC_WARN_UNUSED_FUNCTION = YES;
				GCC_WARN_UNUSED_VARIABLE = YES;
				IPHONEOS_DEPLOYMENT_TARGET = 12.2;
				MTL_ENABLE_DEBUG_INFO = INCLUDE_SOURCE;
				MTL_FAST_MATH = YES;
				ONLY_ACTIVE_ARCH = YES;
				SDKROOT = iphoneos;
				SWIFT_ACTIVE_COMPILATION_CONDITIONS = DEBUG;
				SWIFT_OPTIMIZATION_LEVEL = "-Onone";
			};
			name = Debug;
		};
		A3C73F6C22B768B900EE4240 /* Release */ = {
			isa = XCBuildConfiguration;
			buildSettings = {
				ALWAYS_SEARCH_USER_PATHS = NO;
				CLANG_ANALYZER_NONNULL = YES;
				CLANG_ANALYZER_NUMBER_OBJECT_CONVERSION = YES_AGGRESSIVE;
				CLANG_CXX_LANGUAGE_STANDARD = "gnu++14";
				CLANG_CXX_LIBRARY = "libc++";
				CLANG_ENABLE_MODULES = YES;
				CLANG_ENABLE_OBJC_ARC = YES;
				CLANG_ENABLE_OBJC_WEAK = YES;
				CLANG_WARN_BLOCK_CAPTURE_AUTORELEASING = YES;
				CLANG_WARN_BOOL_CONVERSION = YES;
				CLANG_WARN_COMMA = YES;
				CLANG_WARN_CONSTANT_CONVERSION = YES;
				CLANG_WARN_DEPRECATED_OBJC_IMPLEMENTATIONS = YES;
				CLANG_WARN_DIRECT_OBJC_ISA_USAGE = YES_ERROR;
				CLANG_WARN_DOCUMENTATION_COMMENTS = YES;
				CLANG_WARN_EMPTY_BODY = YES;
				CLANG_WARN_ENUM_CONVERSION = YES;
				CLANG_WARN_INFINITE_RECURSION = YES;
				CLANG_WARN_INT_CONVERSION = YES;
				CLANG_WARN_NON_LITERAL_NULL_CONVERSION = YES;
				CLANG_WARN_OBJC_IMPLICIT_RETAIN_SELF = YES;
				CLANG_WARN_OBJC_LITERAL_CONVERSION = YES;
				CLANG_WARN_OBJC_ROOT_CLASS = YES_ERROR;
				CLANG_WARN_RANGE_LOOP_ANALYSIS = YES;
				CLANG_WARN_STRICT_PROTOTYPES = YES;
				CLANG_WARN_SUSPICIOUS_MOVE = YES;
				CLANG_WARN_UNGUARDED_AVAILABILITY = YES_AGGRESSIVE;
				CLANG_WARN_UNREACHABLE_CODE = YES;
				CLANG_WARN__DUPLICATE_METHOD_MATCH = YES;
				CODE_SIGN_IDENTITY = "iPhone Developer";
				COPY_PHASE_STRIP = NO;
				DEBUG_INFORMATION_FORMAT = "dwarf-with-dsym";
				ENABLE_NS_ASSERTIONS = NO;
				ENABLE_STRICT_OBJC_MSGSEND = YES;
				GCC_C_LANGUAGE_STANDARD = gnu11;
				GCC_NO_COMMON_BLOCKS = YES;
				GCC_WARN_64_TO_32_BIT_CONVERSION = YES;
				GCC_WARN_ABOUT_RETURN_TYPE = YES_ERROR;
				GCC_WARN_UNDECLARED_SELECTOR = YES;
				GCC_WARN_UNINITIALIZED_AUTOS = YES_AGGRESSIVE;
				GCC_WARN_UNUSED_FUNCTION = YES;
				GCC_WARN_UNUSED_VARIABLE = YES;
				IPHONEOS_DEPLOYMENT_TARGET = 12.2;
				MTL_ENABLE_DEBUG_INFO = NO;
				MTL_FAST_MATH = YES;
				SDKROOT = iphoneos;
				SWIFT_COMPILATION_MODE = wholemodule;
				SWIFT_OPTIMIZATION_LEVEL = "-O";
				VALIDATE_PRODUCT = YES;
			};
			name = Release;
		};
		A3C73F6E22B768B900EE4240 /* Debug */ = {
			isa = XCBuildConfiguration;
			baseConfigurationReference = ECFC6AB1F27F8FBBCE8AC2E6 /* Pods-CoreDataSample.debug.xcconfig */;
			buildSettings = {
				ASSETCATALOG_COMPILER_APPICON_NAME = AppIcon;
				CODE_SIGN_STYLE = Automatic;
				DEVELOPMENT_TEAM = 64NX5H9B23;
				INFOPLIST_FILE = CoreDataSample/Info.plist;
				LD_RUNPATH_SEARCH_PATHS = (
					"$(inherited)",
					"@executable_path/Frameworks",
				);
				PRODUCT_BUNDLE_IDENTIFIER = com.hexconiac.CoreDataSample;
				PRODUCT_NAME = "$(TARGET_NAME)";
				SWIFT_VERSION = 5.0;
				TARGETED_DEVICE_FAMILY = "1,2";
			};
			name = Debug;
		};
		A3C73F6F22B768B900EE4240 /* Release */ = {
			isa = XCBuildConfiguration;
			baseConfigurationReference = 28530111B7205DCB89AB0660 /* Pods-CoreDataSample.release.xcconfig */;
			buildSettings = {
				ASSETCATALOG_COMPILER_APPICON_NAME = AppIcon;
				CODE_SIGN_STYLE = Automatic;
				DEVELOPMENT_TEAM = 64NX5H9B23;
				INFOPLIST_FILE = CoreDataSample/Info.plist;
				LD_RUNPATH_SEARCH_PATHS = (
					"$(inherited)",
					"@executable_path/Frameworks",
				);
				PRODUCT_BUNDLE_IDENTIFIER = com.hexconiac.CoreDataSample;
				PRODUCT_NAME = "$(TARGET_NAME)";
				SWIFT_VERSION = 5.0;
				TARGETED_DEVICE_FAMILY = "1,2";
			};
			name = Release;
		};
/* End XCBuildConfiguration section */

/* Begin XCConfigurationList section */
		A3C73F5322B768B800EE4240 /* Build configuration list for PBXProject "CoreDataSample" */ = {
			isa = XCConfigurationList;
			buildConfigurations = (
				A3C73F6B22B768B900EE4240 /* Debug */,
				A3C73F6C22B768B900EE4240 /* Release */,
			);
			defaultConfigurationIsVisible = 0;
			defaultConfigurationName = Release;
		};
		A3C73F6D22B768B900EE4240 /* Build configuration list for PBXNativeTarget "CoreDataSample" */ = {
			isa = XCConfigurationList;
			buildConfigurations = (
				A3C73F6E22B768B900EE4240 /* Debug */,
				A3C73F6F22B768B900EE4240 /* Release */,
			);
			defaultConfigurationIsVisible = 0;
			defaultConfigurationName = Release;
		};
/* End XCConfigurationList section */

/* Begin XCVersionGroup section */
		A3C73F6222B768B800EE4240 /* CoreDataSample.xcdatamodeld */ = {
			isa = XCVersionGroup;
			children = (
				A3C73F6322B768B800EE4240 /* CoreDataSample.xcdatamodel */,
			);
			currentVersion = A3C73F6322B768B800EE4240 /* CoreDataSample.xcdatamodel */;
			path = CoreDataSample.xcdatamodeld;
			sourceTree = "<group>";
			versionGroupType = wrapper.xcdatamodel;
		};
/* End XCVersionGroup section */
	};
	rootObject = A3C73F5022B768B800EE4240 /* Project object */;
}
