// !$*UTF8*$!
{
	archiveVersion = 1;
	classes = {
	};
	objectVersion = 50;
	objects = {

/* Begin PBXBuildFile section */
		BFCEFEB4229E4F1100C3341D /* AppDelegate.swift in Sources */ = {isa = PBXBuildFile; fileRef = BFCEFEB3229E4F1100C3341D /* AppDelegate.swift */; };
		BFCEFEB6229E4F1100C3341D /* ViewController.swift in Sources */ = {isa = PBXBuildFile; fileRef = BFCEFEB5229E4F1100C3341D /* ViewController.swift */; };
		BFCEFEB9229E4F1100C3341D /* Main.storyboard in Resources */ = {isa = PBXBuildFile; fileRef = BFCEFEB7229E4F1100C3341D /* Main.storyboard */; };
		BFCEFEBB229E4F1200C3341D /* Assets.xcassets in Resources */ = {isa = PBXBuildFile; fileRef = BFCEFEBA229E4F1200C3341D /* Assets.xcassets */; };
		BFCEFEBE229E4F1200C3341D /* LaunchScreen.storyboard in Resources */ = {isa = PBXBuildFile; fileRef = BFCEFEBC229E4F1200C3341D /* LaunchScreen.storyboard */; };
		BFCEFEC6229E4F2B00C3341D /* MainViewController.swift in Sources */ = {isa = PBXBuildFile; fileRef = BFCEFEC5229E4F2B00C3341D /* MainViewController.swift */; };
		BFCEFEC8229E4F4500C3341D /* FirstViewController.swift in Sources */ = {isa = PBXBuildFile; fileRef = BFCEFEC7229E4F4500C3341D /* FirstViewController.swift */; };
		BFCEFECA229E4F5A00C3341D /* TableViewCell.swift in Sources */ = {isa = PBXBuildFile; fileRef = BFCEFEC9229E4F5A00C3341D /* TableViewCell.swift */; };
		BFCEFECC229E4F7100C3341D /* SecondViewController.swift in Sources */ = {isa = PBXBuildFile; fileRef = BFCEFECB229E4F7100C3341D /* SecondViewController.swift */; };
/* End PBXBuildFile section */

/* Begin PBXFileReference section */
		BFCEFEB0229E4F1100C3341D /* 2-1.app */ = {isa = PBXFileReference; explicitFileType = wrapper.application; includeInIndex = 0; path = "2-1.app"; sourceTree = BUILT_PRODUCTS_DIR; };
		BFCEFEB3229E4F1100C3341D /* AppDelegate.swift */ = {isa = PBXFileReference; lastKnownFileType = sourcecode.swift; path = AppDelegate.swift; sourceTree = "<group>"; };
		BFCEFEB5229E4F1100C3341D /* ViewController.swift */ = {isa = PBXFileReference; lastKnownFileType = sourcecode.swift; path = ViewController.swift; sourceTree = "<group>"; };
		BFCEFEB8229E4F1100C3341D /* Base */ = {isa = PBXFileReference; lastKnownFileType = file.storyboard; name = Base; path = Base.lproj/Main.storyboard; sourceTree = "<group>"; };
		BFCEFEBA229E4F1200C3341D /* Assets.xcassets */ = {isa = PBXFileReference; lastKnownFileType = folder.assetcatalog; path = Assets.xcassets; sourceTree = "<group>"; };
		BFCEFEBD229E4F1200C3341D /* Base */ = {isa = PBXFileReference; lastKnownFileType = file.storyboard; name = Base; path = Base.lproj/LaunchScreen.storyboard; sourceTree = "<group>"; };
		BFCEFEBF229E4F1200C3341D /* Info.plist */ = {isa = PBXFileReference; lastKnownFileType = text.plist.xml; path = Info.plist; sourceTree = "<group>"; };
		BFCEFEC5229E4F2B00C3341D /* MainViewController.swift */ = {isa = PBXFileReference; lastKnownFileType = sourcecode.swift; path = MainViewController.swift; sourceTree = "<group>"; };
		BFCEFEC7229E4F4500C3341D /* FirstViewController.swift */ = {isa = PBXFileReference; lastKnownFileType = sourcecode.swift; path = FirstViewController.swift; sourceTree = "<group>"; };
		BFCEFEC9229E4F5A00C3341D /* TableViewCell.swift */ = {isa = PBXFileReference; lastKnownFileType = sourcecode.swift; path = TableViewCell.swift; sourceTree = "<group>"; };
		BFCEFECB229E4F7100C3341D /* SecondViewController.swift */ = {isa = PBXFileReference; lastKnownFileType = sourcecode.swift; path = SecondViewController.swift; sourceTree = "<group>"; };
/* End PBXFileReference section */

/* Begin PBXFrameworksBuildPhase section */
		BFCEFEAD229E4F1100C3341D /* Frameworks */ = {
			isa = PBXFrameworksBuildPhase;
			buildActionMask = 2147483647;
			files = (
			);
			runOnlyForDeploymentPostprocessing = 0;
		};
/* End PBXFrameworksBuildPhase section */

/* Begin PBXGroup section */
		BFCEFEA7229E4F1100C3341D = {
			isa = PBXGroup;
			children = (
				BFCEFEB2229E4F1100C3341D /* 2-1 */,
				BFCEFEB1229E4F1100C3341D /* Products */,
			);
			sourceTree = "<group>";
		};
		BFCEFEB1229E4F1100C3341D /* Products */ = {
			isa = PBXGroup;
			children = (
				BFCEFEB0229E4F1100C3341D /* 2-1.app */,
			);
			name = Products;
			sourceTree = "<group>";
		};
		BFCEFEB2229E4F1100C3341D /* 2-1 */ = {
			isa = PBXGroup;
			children = (
				BFCEFEB3229E4F1100C3341D /* AppDelegate.swift */,
				BFCEFEC5229E4F2B00C3341D /* MainViewController.swift */,
				BFCEFEC9229E4F5A00C3341D /* TableViewCell.swift */,
				BFCEFEC7229E4F4500C3341D /* FirstViewController.swift */,
				BFCEFECB229E4F7100C3341D /* SecondViewController.swift */,
				BFCEFEB5229E4F1100C3341D /* ViewController.swift */,
				BFCEFEB7229E4F1100C3341D /* Main.storyboard */,
				BFCEFEBA229E4F1200C3341D /* Assets.xcassets */,
				BFCEFEBC229E4F1200C3341D /* LaunchScreen.storyboard */,
				BFCEFEBF229E4F1200C3341D /* Info.plist */,
			);
			path = "2-1";
			sourceTree = "<group>";
		};
/* End PBXGroup section */

/* Begin PBXNativeTarget section */
		BFCEFEAF229E4F1100C3341D /* 2-1 */ = {
			isa = PBXNativeTarget;
			buildConfigurationList = BFCEFEC2229E4F1200C3341D /* Build configuration list for PBXNativeTarget "2-1" */;
			buildPhases = (
				BFCEFEAC229E4F1100C3341D /* Sources */,
				BFCEFEAD229E4F1100C3341D /* Frameworks */,
				BFCEFEAE229E4F1100C3341D /* Resources */,
			);
			buildRules = (
			);
			dependencies = (
			);
			name = "2-1";
			productName = "2-1";
			productReference = BFCEFEB0229E4F1100C3341D /* 2-1.app */;
			productType = "com.apple.product-type.application";
		};
/* End PBXNativeTarget section */

/* Begin PBXProject section */
		BFCEFEA8229E4F1100C3341D /* Project object */ = {
			isa = PBXProject;
			attributes = {
				LastSwiftUpdateCheck = 1020;
				LastUpgradeCheck = 1020;
				ORGANIZATIONNAME = sogih;
				TargetAttributes = {
					BFCEFEAF229E4F1100C3341D = {
						CreatedOnToolsVersion = 10.2.1;
					};
				};
			};
			buildConfigurationList = BFCEFEAB229E4F1100C3341D /* Build configuration list for PBXProject "2-1" */;
			compatibilityVersion = "Xcode 9.3";
			developmentRegion = en;
			hasScannedForEncodings = 0;
			knownRegions = (
				en,
				Base,
			);
			mainGroup = BFCEFEA7229E4F1100C3341D;
			productRefGroup = BFCEFEB1229E4F1100C3341D /* Products */;
			projectDirPath = "";
			projectRoot = "";
			targets = (
				BFCEFEAF229E4F1100C3341D /* 2-1 */,
			);
		};
/* End PBXProject section */

/* Begin PBXResourcesBuildPhase section */
		BFCEFEAE229E4F1100C3341D /* Resources */ = {
			isa = PBXResourcesBuildPhase;
			buildActionMask = 2147483647;
			files = (
				BFCEFEBE229E4F1200C3341D /* LaunchScreen.storyboard in Resources */,
				BFCEFEBB229E4F1200C3341D /* Assets.xcassets in Resources */,
				BFCEFEB9229E4F1100C3341D /* Main.storyboard in Resources */,
			);
			runOnlyForDeploymentPostprocessing = 0;
		};
/* End PBXResourcesBuildPhase section */

/* Begin PBXSourcesBuildPhase section */
		BFCEFEAC229E4F1100C3341D /* Sources */ = {
			isa = PBXSourcesBuildPhase;
			buildActionMask = 2147483647;
			files = (
				BFCEFECC229E4F7100C3341D /* SecondViewController.swift in Sources */,
				BFCEFECA229E4F5A00C3341D /* TableViewCell.swift in Sources */,
				BFCEFEC6229E4F2B00C3341D /* MainViewController.swift in Sources */,
				BFCEFEB6229E4F1100C3341D /* ViewController.swift in Sources */,
				BFCEFEB4229E4F1100C3341D /* AppDelegate.swift in Sources */,
				BFCEFEC8229E4F4500C3341D /* FirstViewController.swift in Sources */,
			);
			runOnlyForDeploymentPostprocessing = 0;
		};
/* End PBXSourcesBuildPhase section */

/* Begin PBXVariantGroup section */
		BFCEFEB7229E4F1100C3341D /* Main.storyboard */ = {
			isa = PBXVariantGroup;
			children = (
				BFCEFEB8229E4F1100C3341D /* Base */,
			);
			name = Main.storyboard;
			sourceTree = "<group>";
		};
		BFCEFEBC229E4F1200C3341D /* LaunchScreen.storyboard */ = {
			isa = PBXVariantGroup;
			children = (
				BFCEFEBD229E4F1200C3341D /* Base */,
			);
			name = LaunchScreen.storyboard;
			sourceTree = "<group>";
		};
/* End PBXVariantGroup section */

/* Begin XCBuildConfiguration section */
		BFCEFEC0229E4F1200C3341D /* Debug */ = {
			isa = XCBuildConfiguration;
			buildSettings = {
				ALWAYS_SEARCH_USER_PATHS = NO;
				CLANG_ANALYZER_NONNULL = YES;
				CLANG_ANALYZER_NUMBER_OBJECT_CONVERSION = YES_AGGRESSIVE;
				CLANG_CXX_LANGUAGE_STANDARD = "gnu++14";
				CLANG_CXX_LIBRARY = "libc++";
				CLANG_ENABLE_MODULES = YES;
				CLANG_ENABLE_OBJC_ARC = YES;
				CLANG_ENABLE_OBJC_WEAK = YES;
				CLANG_WARN_BLOCK_CAPTURE_AUTORELEASING = YES;
				CLANG_WARN_BOOL_CONVERSION = YES;
				CLANG_WARN_COMMA = YES;
				CLANG_WARN_CONSTANT_CONVERSION = YES;
				CLANG_WARN_DEPRECATED_OBJC_IMPLEMENTATIONS = YES;
				CLANG_WARN_DIRECT_OBJC_ISA_USAGE = YES_ERROR;
				CLANG_WARN_DOCUMENTATION_COMMENTS = YES;
				CLANG_WARN_EMPTY_BODY = YES;
				CLANG_WARN_ENUM_CONVERSION = YES;
				CLANG_WARN_INFINITE_RECURSION = YES;
				CLANG_WARN_INT_CONVERSION = YES;
				CLANG_WARN_NON_LITERAL_NULL_CONVERSION = YES;
				CLANG_WARN_OBJC_IMPLICIT_RETAIN_SELF = YES;
				CLANG_WARN_OBJC_LITERAL_CONVERSION = YES;
				CLANG_WARN_OBJC_ROOT_CLASS = YES_ERROR;
				CLANG_WARN_RANGE_LOOP_ANALYSIS = YES;
				CLANG_WARN_STRICT_PROTOTYPES = YES;
				CLANG_WARN_SUSPICIOUS_MOVE = YES;
				CLANG_WARN_UNGUARDED_AVAILABILITY = YES_AGGRESSIVE;
				CLANG_WARN_UNREACHABLE_CODE = YES;
				CLANG_WARN__DUPLICATE_METHOD_MATCH = YES;
				CODE_SIGN_IDENTITY = "iPhone Developer";
				COPY_PHASE_STRIP = NO;
				DEBUG_INFORMATION_FORMAT = dwarf;
				ENABLE_STRICT_OBJC_MSGSEND = YES;
				ENABLE_TESTABILITY = YES;
				GCC_C_LANGUAGE_STANDARD = gnu11;
				GCC_DYNAMIC_NO_PIC = NO;
				GCC_NO_COMMON_BLOCKS = YES;
				GCC_OPTIMIZATION_LEVEL = 0;
				GCC_PREPROCESSOR_DEFINITIONS = (
					"DEBUG=1",
					"$(inherited)",
				);
				GCC_WARN_64_TO_32_BIT_CONVERSION = YES;
				GCC_WARN_ABOUT_RETURN_TYPE = YES_ERROR;
				GCC_WARN_UNDECLARED_SELECTOR = YES;
				GCC_WARN_UNINITIALIZED_AUTOS = YES_AGGRESSIVE;
				GCC_WARN_UNUSED_FUNCTION = YES;
				GCC_WARN_UNUSED_VARIABLE = YES;
				IPHONEOS_DEPLOYMENT_TARGET = 12.2;
				MTL_ENABLE_DEBUG_INFO = INCLUDE_SOURCE;
				MTL_FAST_MATH = YES;
				ONLY_ACTIVE_ARCH = YES;
				SDKROOT = iphoneos;
				SWIFT_ACTIVE_COMPILATION_CONDITIONS = DEBUG;
				SWIFT_OPTIMIZATION_LEVEL = "-Onone";
			};
			name = Debug;
		};
		BFCEFEC1229E4F1200C3341D /* Release */ = {
			isa = XCBuildConfiguration;
			buildSettings = {
				ALWAYS_SEARCH_USER_PATHS = NO;
				CLANG_ANALYZER_NONNULL = YES;
				CLANG_ANALYZER_NUMBER_OBJECT_CONVERSION = YES_AGGRESSIVE;
				CLANG_CXX_LANGUAGE_STANDARD = "gnu++14";
				CLANG_CXX_LIBRARY = "libc++";
				CLANG_ENABLE_MODULES = YES;
				CLANG_ENABLE_OBJC_ARC = YES;
				CLANG_ENABLE_OBJC_WEAK = YES;
				CLANG_WARN_BLOCK_CAPTURE_AUTORELEASING = YES;
				CLANG_WARN_BOOL_CONVERSION = YES;
				CLANG_WARN_COMMA = YES;
				CLANG_WARN_CONSTANT_CONVERSION = YES;
				CLANG_WARN_DEPRECATED_OBJC_IMPLEMENTATIONS = YES;
				CLANG_WARN_DIRECT_OBJC_ISA_USAGE = YES_ERROR;
				CLANG_WARN_DOCUMENTATION_COMMENTS = YES;
				CLANG_WARN_EMPTY_BODY = YES;
				CLANG_WARN_ENUM_CONVERSION = YES;
				CLANG_WARN_INFINITE_RECURSION = YES;
				CLANG_WARN_INT_CONVERSION = YES;
				CLANG_WARN_NON_LITERAL_NULL_CONVERSION = YES;
				CLANG_WARN_OBJC_IMPLICIT_RETAIN_SELF = YES;
				CLANG_WARN_OBJC_LITERAL_CONVERSION = YES;
				CLANG_WARN_OBJC_ROOT_CLASS = YES_ERROR;
				CLANG_WARN_RANGE_LOOP_ANALYSIS = YES;
				CLANG_WARN_STRICT_PROTOTYPES = YES;
				CLANG_WARN_SUSPICIOUS_MOVE = YES;
				CLANG_WARN_UNGUARDED_AVAILABILITY = YES_AGGRESSIVE;
				CLANG_WARN_UNREACHABLE_CODE = YES;
				CLANG_WARN__DUPLICATE_METHOD_MATCH = YES;
				CODE_SIGN_IDENTITY = "iPhone Developer";
				COPY_PHASE_STRIP = NO;
				DEBUG_INFORMATION_FORMAT = "dwarf-with-dsym";
				ENABLE_NS_ASSERTIONS = NO;
				ENABLE_STRICT_OBJC_MSGSEND = YES;
				GCC_C_LANGUAGE_STANDARD = gnu11;
				GCC_NO_COMMON_BLOCKS = YES;
				GCC_WARN_64_TO_32_BIT_CONVERSION = YES;
				GCC_WARN_ABOUT_RETURN_TYPE = YES_ERROR;
				GCC_WARN_UNDECLARED_SELECTOR = YES;
				GCC_WARN_UNINITIALIZED_AUTOS = YES_AGGRESSIVE;
				GCC_WARN_UNUSED_FUNCTION = YES;
				GCC_WARN_UNUSED_VARIABLE = YES;
				IPHONEOS_DEPLOYMENT_TARGET = 12.2;
				MTL_ENABLE_DEBUG_INFO = NO;
				MTL_FAST_MATH = YES;
				SDKROOT = iphoneos;
				SWIFT_COMPILATION_MODE = wholemodule;
				SWIFT_OPTIMIZATION_LEVEL = "-O";
				VALIDATE_PRODUCT = YES;
			};
			name = Release;
		};
		BFCEFEC3229E4F1200C3341D /* Debug */ = {
			isa = XCBuildConfiguration;
			buildSettings = {
				ASSETCATALOG_COMPILER_APPICON_NAME = AppIcon;
				CODE_SIGN_STYLE = Automatic;
				INFOPLIST_FILE = "2-1/Info.plist";
				LD_RUNPATH_SEARCH_PATHS = (
					"$(inherited)",
					"@executable_path/Frameworks",
				);
				PRODUCT_BUNDLE_IDENTIFIER = "com.sogih.--1";
				PRODUCT_NAME = "$(TARGET_NAME)";
				SWIFT_VERSION = 5.0;
				TARGETED_DEVICE_FAMILY = "1,2";
			};
			name = Debug;
		};
		BFCEFEC4229E4F1200C3341D /* Release */ = {
			isa = XCBuildConfiguration;
			buildSettings = {
				ASSETCATALOG_COMPILER_APPICON_NAME = AppIcon;
				CODE_SIGN_STYLE = Automatic;
				INFOPLIST_FILE = "2-1/Info.plist";
				LD_RUNPATH_SEARCH_PATHS = (
					"$(inherited)",
					"@executable_path/Frameworks",
				);
				PRODUCT_BUNDLE_IDENTIFIER = "com.sogih.--1";
				PRODUCT_NAME = "$(TARGET_NAME)";
				SWIFT_VERSION = 5.0;
				TARGETED_DEVICE_FAMILY = "1,2";
			};
			name = Release;
		};
/* End XCBuildConfiguration section */

/* Begin XCConfigurationList section */
		BFCEFEAB229E4F1100C3341D /* Build configuration list for PBXProject "2-1" */ = {
			isa = XCConfigurationList;
			buildConfigurations = (
				BFCEFEC0229E4F1200C3341D /* Debug */,
				BFCEFEC1229E4F1200C3341D /* Release */,
			);
			defaultConfigurationIsVisible = 0;
			defaultConfigurationName = Release;
		};
		BFCEFEC2229E4F1200C3341D /* Build configuration list for PBXNativeTarget "2-1" */ = {
			isa = XCConfigurationList;
			buildConfigurations = (
				BFCEFEC3229E4F1200C3341D /* Debug */,
				BFCEFEC4229E4F1200C3341D /* Release */,
			);
			defaultConfigurationIsVisible = 0;
			defaultConfigurationName = Release;
		};
/* End XCConfigurationList section */
	};
	rootObject = BFCEFEA8229E4F1100C3341D /* Project object */;
}
