PODS:
  - Cards (1.4.0):
    - Player (= 0.13.0)
  - Player (0.13.0)
  - SnapKit (5.0.0)

DEPENDENCIES:
  - Cards
  - SnapKit (~> 5.0.0)

SPEC REPOS:
  https://github.com/cocoapods/specs.git:
    - Cards
    - Player
    - SnapKit

SPEC CHECKSUMS:
  Cards: 45ae6bd0eca7b5e8016d3b6cb30b60b04753f68f
  Player: 968d8d07d923bcdd6f7e4091c9e306eb44a5f7a4
  SnapKit: fd22d10eb9aff484d79a8724eab922c1ddf89bcf

PODFILE CHECKSUM: f0314c9c41b34b3edf2e15cb035b3200654b25a0

COCOAPODS: 1.7.1
